PODS:
  - NiceThings (0.1.0):
    - NiceThings/ArrayRemoveFirstObjectMaching (= 0.1.0)
    - NiceThings/CollectionSafeSubscript (= 0.1.0)
    - NiceThings/ConditionalAssignmentOperator (= 0.1.0)
    - NiceThings/DictionaryMapToDictionary (= 0.1.0)
    - NiceThings/OptionalIsNilOrEmpty (= 0.1.0)
    - NiceThings/Swerl (= 0.1.0)
  - NiceThings/ArrayRemoveFirstObjectMaching (0.1.0)
  - NiceThings/CollectionSafeSubscript (0.1.0)
  - NiceThings/ConditionalAssignmentOperator (0.1.0)
  - NiceThings/DictionaryMapToDictionary (0.1.0)
  - NiceThings/OptionalIsNilOrEmpty (0.1.0)
  - NiceThings/Swerl (0.1.0)
  - Nimble (8.1.2)
  - Quick (3.0.0)
  - SwiftLint (0.40.2)

DEPENDENCIES:
  - NiceThings (from `../`)
  - Nimble (~> 8.1)
  - Quick (~> 3.0)
  - SwiftLint (~> 0.40)

SPEC REPOS:
  trunk:
    - Nimble
    - Quick
    - SwiftLint

EXTERNAL SOURCES:
  NiceThings:
    :path: "../"

SPEC CHECKSUMS:
  NiceThings: f7a3a04229a55c957148dbea2b8968f11e798bf0
  Nimble: 3864815b4703c7ebffba875973c70e854489fbae
  Quick: 6d9559f40647bc4d510103842ef2fdd882d753e2
  SwiftLint: 1216c910d27c2633ade33b4f071bb6b930982e62

PODFILE CHECKSUM: 6733c896459755a0968d751cbd46a69d70cee837

COCOAPODS: 1.9.3
